
Microsoft Visual Studio Solution File, Format Version 12.00
# Visual Studio Version 16
VisualStudioVersion = 16.0.29728.190
MinimumVisualStudioVersion = 10.0.40219.1
Project("{00D1A9C2-B5F0-4AF3-8072-F6C62B433612}") = "BeHealthy.database", "BeHealthy.database\BeHealthy.database.sqlproj", "{C7FB52EC-7C88-4C23-BCA1-88E7FF274144}"
EndProject
Project("{FAE04EC0-301F-11D3-BF4B-00C04F79EFBC}") = "BeHealthy.ui", "BeHealthy.ui\BeHealthy.ui.csproj", "{17AC9009-6B5D-4725-93F8-0D847FBE5C6B}"
EndProject
Project("{FAE04EC0-301F-11D3-BF4B-00C04F79EFBC}") = "BeHealthy.entities", "BeHealthy.entities\BeHealthy.entities.csproj", "{96BB6753-F59D-42B1-8151-1E9AFFFB4207}"
EndProject
Project("{FAE04EC0-301F-11D3-BF4B-00C04F79EFBC}") = "BeHealthy.dataacess", "BeHealthy.dataacess\BeHealthy.dataacess.csproj", "{502E9F06-ABFE-456C-9156-FAFC7EC0DBEE}"
EndProject
Global
	GlobalSection(SolutionConfigurationPlatforms) = preSolution
		Debug|Any CPU = Debug|Any CPU
		Release|Any CPU = Release|Any CPU
	EndGlobalSection
	GlobalSection(ProjectConfigurationPlatforms) = postSolution
		{C7FB52EC-7C88-4C23-BCA1-88E7FF274144}.Debug|Any CPU.ActiveCfg = Debug|Any CPU
		{C7FB52EC-7C88-4C23-BCA1-88E7FF274144}.Debug|Any CPU.Build.0 = Debug|Any CPU
		{C7FB52EC-7C88-4C23-BCA1-88E7FF274144}.Debug|Any CPU.Deploy.0 = Debug|Any CPU
		{C7FB52EC-7C88-4C23-BCA1-88E7FF274144}.Release|Any CPU.ActiveCfg = Release|Any CPU
		{C7FB52EC-7C88-4C23-BCA1-88E7FF274144}.Release|Any CPU.Build.0 = Release|Any CPU
		{C7FB52EC-7C88-4C23-BCA1-88E7FF274144}.Release|Any CPU.Deploy.0 = Release|Any CPU
		{17AC9009-6B5D-4725-93F8-0D847FBE5C6B}.Debug|Any CPU.ActiveCfg = Debug|Any CPU
		{17AC9009-6B5D-4725-93F8-0D847FBE5C6B}.Debug|Any CPU.Build.0 = Debug|Any CPU
		{17AC9009-6B5D-4725-93F8-0D847FBE5C6B}.Release|Any CPU.ActiveCfg = Release|Any CPU
		{17AC9009-6B5D-4725-93F8-0D847FBE5C6B}.Release|Any CPU.Build.0 = Release|Any CPU
		{96BB6753-F59D-42B1-8151-1E9AFFFB4207}.Debug|Any CPU.ActiveCfg = Debug|Any CPU
		{96BB6753-F59D-42B1-8151-1E9AFFFB4207}.Debug|Any CPU.Build.0 = Debug|Any CPU
		{96BB6753-F59D-42B1-8151-1E9AFFFB4207}.Release|Any CPU.ActiveCfg = Release|Any CPU
		{96BB6753-F59D-42B1-8151-1E9AFFFB4207}.Release|Any CPU.Build.0 = Release|Any CPU
		{502E9F06-ABFE-456C-9156-FAFC7EC0DBEE}.Debug|Any CPU.ActiveCfg = Debug|Any CPU
		{502E9F06-ABFE-456C-9156-FAFC7EC0DBEE}.Debug|Any CPU.Build.0 = Debug|Any CPU
		{502E9F06-ABFE-456C-9156-FAFC7EC0DBEE}.Release|Any CPU.ActiveCfg = Release|Any CPU
		{502E9F06-ABFE-456C-9156-FAFC7EC0DBEE}.Release|Any CPU.Build.0 = Release|Any CPU
	EndGlobalSection
	GlobalSection(SolutionProperties) = preSolution
		HideSolutionNode = FALSE
	EndGlobalSection
	GlobalSection(ExtensibilityGlobals) = postSolution
		SolutionGuid = {589BC626-84F3-4774-8088-96DD13ED7B89}
	EndGlobalSection
EndGlobal
